
Microsoft Visual Studio Solution File, Format Version 12.00
Project("{FAE04EC0-301F-11D3-BF4B-00C04F79EFBC}") = "console-expense-tracker", "console-expense-tracker.csproj", "{F11B2F11-3DEA-467D-BC59-7E98C2DE52E0}"
EndProject
Global
	GlobalSection(SolutionConfigurationPlatforms) = preSolution
		Debug|Any CPU = Debug|Any CPU
		Release|Any CPU = Release|Any CPU
	EndGlobalSection
	GlobalSection(ProjectConfigurationPlatforms) = postSolution
		{F11B2F11-3DEA-467D-BC59-7E98C2DE52E0}.Debug|Any CPU.ActiveCfg = Debug|Any CPU
		{F11B2F11-3DEA-467D-BC59-7E98C2DE52E0}.Debug|Any CPU.Build.0 = Debug|Any CPU
		{F11B2F11-3DEA-467D-BC59-7E98C2DE52E0}.Release|Any CPU.ActiveCfg = Release|Any CPU
		{F11B2F11-3DEA-467D-BC59-7E98C2DE52E0}.Release|Any CPU.Build.0 = Release|Any CPU
	EndGlobalSection
EndGlobal
